-e git+ssh://git@tanker.local/Tanker/ci@0abf75ce4a8590903e402f9a6e3bc7b3c8b7c016#egg=ci
appdirs==1.4.3
asn1crypto==0.24.0
astroid==2.0.4
attrs==19.1.0
bottle==0.12.13
certifi==2018.10.15
cffi==1.12.2
chardet==3.0.4
cli-ui==0.9.1
colorama==0.3.9
conan==1.14.1
contextlib2==0.5.5
cryptography==2.3.1
deprecation==2.0.6
distro==1.1.0
docopt==0.4.0
fasteners==0.14.1
future==0.16.0
idna==2.6
importlib-metadata==0.6
isort==4.3.4
Jinja2==2.10
lazy-object-proxy==1.3.1
mandrill-really-maintained==1.2.4
mandrill==1.0.57
MarkupSafe==1.1.1
mccabe==0.6.1
monotonic==1.5
mypy-extensions==0.4.1
mypy==0.641
node-semver==0.6.1
packaging==18.0
patch==1.16
path.py==11.5.0
pip==19.0.3
pluginbase==0.7
psutil==5.6.1
pycparser==2.19
Pygments==2.2.0
PyJWT==1.6.4
pylint==2.1.1
pyOpenSSL==17.5.0
pyparsing==2.3.0
python-gitlab==1.6.0
PyYAML==3.13
requests==2.20.0
ruamel.yaml==0.15.89
schema==0.7.0
setuptools==28.8.0
six==1.11.0
tabulate==0.8.2
tbump==5.0.4
toml==0.10.0
tqdm-conan==4.27.0
tqdm==4.31.1
typed-ast==1.1.0
Unidecode==1.0.22
urllib3==1.24.1
websockets==6.0
wrapt==1.10.11
