PODS:
  - Expecta (1.0.6)
  - PromiseKit/Hang (1.7.7):
    - PromiseKit/Promise
  - PromiseKit/Promise (1.7.7)
  - PromiseKit/When (1.7.7):
    - PromiseKit/Promise
  - Specta (1.0.7)
  - Tanker (9999):
    - Tanker/core (= 9999)
  - Tanker/core (9999)
  - Tanker/Tests (9999):
    - Expecta
    - PromiseKit/Hang (~> 1.7)
    - PromiseKit/Promise (~> 1.7)
    - PromiseKit/When (~> 1.7)
    - Specta
    - Tanker/core

DEPENDENCIES:
  - Tanker (from `../Tanker.podspec`)
  - Tanker/Tests (from `../Tanker.podspec`)

SPEC REPOS:
  https://github.com/cocoapods/specs.git:
    - Expecta
    - PromiseKit
    - Specta

EXTERNAL SOURCES:
  Tanker:
    :path: "../Tanker.podspec"

SPEC CHECKSUMS:
  Expecta: 3b6bd90a64b9a1dcb0b70aa0e10a7f8f631667d5
  PromiseKit: 9007df2f9e2ef725467084ab3880cf932ab935a4
  Specta: 3e1bd89c3517421982dc4d1c992503e48bd5fe66
  Tanker: 842844dae8148d0bbd886ca780d21773ad7bd808

PODFILE CHECKSUM: 4e72f688b0da4326e182a470efed8f01e795ba25

COCOAPODS: 1.6.1
